
Microsoft Visual Studio Solution File, Format Version 12.00
# Visual Studio 15
VisualStudioVersion = 15.0.26403.7
MinimumVisualStudioVersion = 10.0.40219.1
Project("{FAE04EC0-301F-11D3-BF4B-00C04F79EFBC}") = "Kotori", "Kotori\Kotori.csproj", "{93C349C6-FFB0-46E2-9488-85E71CDCAAE8}"
EndProject
Project("{FAE04EC0-301F-11D3-BF4B-00C04F79EFBC}") = "Index", "index\Index\Index.csproj", "{F933CD71-C711-43C9-9BC9-685A0357B199}"
EndProject
Global
	GlobalSection(SolutionConfigurationPlatforms) = preSolution
		Debug|Any CPU = Debug|Any CPU
		Release|Any CPU = Release|Any CPU
	EndGlobalSection
	GlobalSection(ProjectConfigurationPlatforms) = postSolution
		{93C349C6-FFB0-46E2-9488-85E71CDCAAE8}.Debug|Any CPU.ActiveCfg = Debug|Any CPU
		{93C349C6-FFB0-46E2-9488-85E71CDCAAE8}.Debug|Any CPU.Build.0 = Debug|Any CPU
		{93C349C6-FFB0-46E2-9488-85E71CDCAAE8}.Release|Any CPU.ActiveCfg = Release|Any CPU
		{93C349C6-FFB0-46E2-9488-85E71CDCAAE8}.Release|Any CPU.Build.0 = Release|Any CPU
		{F933CD71-C711-43C9-9BC9-685A0357B199}.Debug|Any CPU.ActiveCfg = Debug|Any CPU
		{F933CD71-C711-43C9-9BC9-685A0357B199}.Debug|Any CPU.Build.0 = Debug|Any CPU
		{F933CD71-C711-43C9-9BC9-685A0357B199}.Release|Any CPU.ActiveCfg = Release|Any CPU
		{F933CD71-C711-43C9-9BC9-685A0357B199}.Release|Any CPU.Build.0 = Release|Any CPU
	EndGlobalSection
	GlobalSection(SolutionProperties) = preSolution
		HideSolutionNode = FALSE
	EndGlobalSection
EndGlobal
